
Microsoft Visual Studio Solution File, Format Version 12.00
# Visual Studio Version 17
VisualStudioVersion = 17.2.32602.215
MinimumVisualStudioVersion = 10.0.40219.1
Project("{FAE04EC0-301F-11D3-BF4B-00C04F79EFBC}") = "Realyst.WebAPI", "Realyst.WebAPI\Realyst.WebAPI.csproj", "{C9E2012E-48E0-41EF-9337-90601BB2F2AB}"
EndProject
Project("{FAE04EC0-301F-11D3-BF4B-00C04F79EFBC}") = "Realyst.Core", "Realyst.Core\Realyst.Core.csproj", "{A744F8F5-D632-4885-9DE9-FEB67A9BADD5}"
EndProject
Project("{FAE04EC0-301F-11D3-BF4B-00C04F79EFBC}") = "Realyst.Application", "Realyst.Application\Realyst.Application.csproj", "{DEF4711A-2447-4FF2-935C-CD2BB54C633E}"
EndProject
Project("{FAE04EC0-301F-11D3-BF4B-00C04F79EFBC}") = "Realyst.Infrastructure", "Realyst.Infrastructure\Realyst.Infrastructure.csproj", "{37D000F8-232A-416A-8BFB-89B5F31968E5}"
EndProject
Project("{FAE04EC0-301F-11D3-BF4B-00C04F79EFBC}") = "Realyst.Dapper", "Realyst.Dapper\Realyst.Dapper.csproj", "{F88CCC02-1FB1-4F02-B6B8-A4FA60228A61}"
EndProject
Project("{FAE04EC0-301F-11D3-BF4B-00C04F79EFBC}") = "Realyst.Common", "Realyst.Common\Realyst.Common.csproj", "{34E9FD60-0385-4609-A8CF-42FC2665E10E}"
EndProject
Global
	GlobalSection(SolutionConfigurationPlatforms) = preSolution
		Debug|Any CPU = Debug|Any CPU
		Release|Any CPU = Release|Any CPU
	EndGlobalSection
	GlobalSection(ProjectConfigurationPlatforms) = postSolution
		{C9E2012E-48E0-41EF-9337-90601BB2F2AB}.Debug|Any CPU.ActiveCfg = Debug|Any CPU
		{C9E2012E-48E0-41EF-9337-90601BB2F2AB}.Debug|Any CPU.Build.0 = Debug|Any CPU
		{C9E2012E-48E0-41EF-9337-90601BB2F2AB}.Release|Any CPU.ActiveCfg = Release|Any CPU
		{C9E2012E-48E0-41EF-9337-90601BB2F2AB}.Release|Any CPU.Build.0 = Release|Any CPU
		{A744F8F5-D632-4885-9DE9-FEB67A9BADD5}.Debug|Any CPU.ActiveCfg = Debug|Any CPU
		{A744F8F5-D632-4885-9DE9-FEB67A9BADD5}.Debug|Any CPU.Build.0 = Debug|Any CPU
		{A744F8F5-D632-4885-9DE9-FEB67A9BADD5}.Release|Any CPU.ActiveCfg = Release|Any CPU
		{A744F8F5-D632-4885-9DE9-FEB67A9BADD5}.Release|Any CPU.Build.0 = Release|Any CPU
		{DEF4711A-2447-4FF2-935C-CD2BB54C633E}.Debug|Any CPU.ActiveCfg = Debug|Any CPU
		{DEF4711A-2447-4FF2-935C-CD2BB54C633E}.Debug|Any CPU.Build.0 = Debug|Any CPU
		{DEF4711A-2447-4FF2-935C-CD2BB54C633E}.Release|Any CPU.ActiveCfg = Release|Any CPU
		{DEF4711A-2447-4FF2-935C-CD2BB54C633E}.Release|Any CPU.Build.0 = Release|Any CPU
		{37D000F8-232A-416A-8BFB-89B5F31968E5}.Debug|Any CPU.ActiveCfg = Debug|Any CPU
		{37D000F8-232A-416A-8BFB-89B5F31968E5}.Debug|Any CPU.Build.0 = Debug|Any CPU
		{37D000F8-232A-416A-8BFB-89B5F31968E5}.Release|Any CPU.ActiveCfg = Release|Any CPU
		{37D000F8-232A-416A-8BFB-89B5F31968E5}.Release|Any CPU.Build.0 = Release|Any CPU
		{F88CCC02-1FB1-4F02-B6B8-A4FA60228A61}.Debug|Any CPU.ActiveCfg = Debug|Any CPU
		{F88CCC02-1FB1-4F02-B6B8-A4FA60228A61}.Debug|Any CPU.Build.0 = Debug|Any CPU
		{F88CCC02-1FB1-4F02-B6B8-A4FA60228A61}.Release|Any CPU.ActiveCfg = Release|Any CPU
		{F88CCC02-1FB1-4F02-B6B8-A4FA60228A61}.Release|Any CPU.Build.0 = Release|Any CPU
		{34E9FD60-0385-4609-A8CF-42FC2665E10E}.Debug|Any CPU.ActiveCfg = Debug|Any CPU
		{34E9FD60-0385-4609-A8CF-42FC2665E10E}.Debug|Any CPU.Build.0 = Debug|Any CPU
		{34E9FD60-0385-4609-A8CF-42FC2665E10E}.Release|Any CPU.ActiveCfg = Release|Any CPU
		{34E9FD60-0385-4609-A8CF-42FC2665E10E}.Release|Any CPU.Build.0 = Release|Any CPU
	EndGlobalSection
	GlobalSection(SolutionProperties) = preSolution
		HideSolutionNode = FALSE
	EndGlobalSection
	GlobalSection(ExtensibilityGlobals) = postSolution
		SolutionGuid = {84673159-0571-4A70-ACAC-22F2790D9E60}
	EndGlobalSection
EndGlobal
